
Microsoft Visual Studio Solution File, Format Version 12.00
# Visual Studio Version 17
VisualStudioVersion = 17.3.32819.101
MinimumVisualStudioVersion = 10.0.40219.1
Project("{FAE04EC0-301F-11D3-BF4B-00C04F79EFBC}") = "BoxProgram", "BoxProgram\BoxProgram.csproj", "{130DE098-FB5D-4645-9CD4-B16EF20ED8B1}"
EndProject
Global
	GlobalSection(SolutionConfigurationPlatforms) = preSolution
		Debug|Any CPU = Debug|Any CPU
		Release|Any CPU = Release|Any CPU
	EndGlobalSection
	GlobalSection(ProjectConfigurationPlatforms) = postSolution
		{130DE098-FB5D-4645-9CD4-B16EF20ED8B1}.Debug|Any CPU.ActiveCfg = Debug|Any CPU
		{130DE098-FB5D-4645-9CD4-B16EF20ED8B1}.Debug|Any CPU.Build.0 = Debug|Any CPU
		{130DE098-FB5D-4645-9CD4-B16EF20ED8B1}.Release|Any CPU.ActiveCfg = Release|Any CPU
		{130DE098-FB5D-4645-9CD4-B16EF20ED8B1}.Release|Any CPU.Build.0 = Release|Any CPU
	EndGlobalSection
	GlobalSection(SolutionProperties) = preSolution
		HideSolutionNode = FALSE
	EndGlobalSection
	GlobalSection(ExtensibilityGlobals) = postSolution
		SolutionGuid = {CA161387-8D90-48B0-A1E7-E616A8F3DE35}
	EndGlobalSection
EndGlobal
